
Microsoft Visual Studio Solution File, Format Version 12.00
# Visual Studio Version 16
VisualStudioVersion = 16.0.31321.278
MinimumVisualStudioVersion = 10.0.40219.1
Project("{FAE04EC0-301F-11D3-BF4B-00C04F79EFBC}") = "hhsl_api_server", "hhsl_api_server\hhsl_api_server.csproj", "{15909A77-0DF4-437E-A05F-B5C0CC37E997}"
EndProject
Global
	GlobalSection(SolutionConfigurationPlatforms) = preSolution
		Debug|Any CPU = Debug|Any CPU
		Release|Any CPU = Release|Any CPU
	EndGlobalSection
	GlobalSection(ProjectConfigurationPlatforms) = postSolution
		{15909A77-0DF4-437E-A05F-B5C0CC37E997}.Debug|Any CPU.ActiveCfg = Debug|Any CPU
		{15909A77-0DF4-437E-A05F-B5C0CC37E997}.Debug|Any CPU.Build.0 = Debug|Any CPU
		{15909A77-0DF4-437E-A05F-B5C0CC37E997}.Release|Any CPU.ActiveCfg = Release|Any CPU
		{15909A77-0DF4-437E-A05F-B5C0CC37E997}.Release|Any CPU.Build.0 = Release|Any CPU
	EndGlobalSection
	GlobalSection(SolutionProperties) = preSolution
		HideSolutionNode = FALSE
	EndGlobalSection
	GlobalSection(ExtensibilityGlobals) = postSolution
		SolutionGuid = {0DC8C38F-F485-48CA-B8EA-F6B257904383}
	EndGlobalSection
EndGlobal
